
Microsoft Visual Studio Solution File, Format Version 12.00
# Visual Studio Version 16
VisualStudioVersion = 16.0.30611.23
MinimumVisualStudioVersion = 15.0.26124.0
Project("{FAE04EC0-301F-11D3-BF4B-00C04F79EFBC}") = "Proba1.Objects", "Objects/Proba1.Objects.csproj", "cded19a2-fce2-4346-8518-c5fabb8992cc"
EndProject
Project("{FAE04EC0-301F-11D3-BF4B-00C04F79EFBC}") = "Proba1.Tests", "Tests/Proba1.Tests.csproj", "1bea158d-1ec8-4e52-91cb-9fe75b5c0e6f"
EndProject
Project("{FAE04EC0-301F-11D3-BF4B-00C04F79EFBC}") = "Proba1.ODataBackend", "ODataBackend/Proba1.ODataBackend.csproj", "9164dc11-33d9-4e04-96d1-ff9e19285df7"
EndProject
Project("{FAE04EC0-301F-11D3-BF4B-00C04F79EFBC}") = "Proba1.IntegrationTests", "IntegrationTests/Proba1.IntegrationTests.csproj", "eacef6b8-ec84-4af9-8776-a3b573f052dc"
EndProject
Global
	GlobalSection(SolutionConfigurationPlatforms) = preSolution
Debug|Any CPU = Debug|Any CPU
Release|Any CPU = Release|Any CPU
	EndGlobalSection
	GlobalSection(ProjectConfigurationPlatforms) = postSolution
		cded19a2-fce2-4346-8518-c5fabb8992cc.Debug|Any CPU.ActiveCfg = Debug|Any CPU
		cded19a2-fce2-4346-8518-c5fabb8992cc.Debug|Any CPU.Build.0 = Debug|Any CPU
		cded19a2-fce2-4346-8518-c5fabb8992cc.Release|Any CPU.ActiveCfg = Release|Any CPU
		cded19a2-fce2-4346-8518-c5fabb8992cc.Release|Any CPU.Build.0 = Release|Any CPU
		1bea158d-1ec8-4e52-91cb-9fe75b5c0e6f.Debug|Any CPU.ActiveCfg = Debug|Any CPU
		1bea158d-1ec8-4e52-91cb-9fe75b5c0e6f.Debug|Any CPU.Build.0 = Debug|Any CPU
		1bea158d-1ec8-4e52-91cb-9fe75b5c0e6f.Release|Any CPU.ActiveCfg = Release|Any CPU
		1bea158d-1ec8-4e52-91cb-9fe75b5c0e6f.Release|Any CPU.Build.0 = Release|Any CPU
		9164dc11-33d9-4e04-96d1-ff9e19285df7.Debug|Any CPU.ActiveCfg = Debug|Any CPU
		9164dc11-33d9-4e04-96d1-ff9e19285df7.Debug|Any CPU.Build.0 = Debug|Any CPU
		9164dc11-33d9-4e04-96d1-ff9e19285df7.Release|Any CPU.ActiveCfg = Release|Any CPU
		9164dc11-33d9-4e04-96d1-ff9e19285df7.Release|Any CPU.Build.0 = Release|Any CPU
		eacef6b8-ec84-4af9-8776-a3b573f052dc.Debug|Any CPU.ActiveCfg = Debug|Any CPU
		eacef6b8-ec84-4af9-8776-a3b573f052dc.Debug|Any CPU.Build.0 = Debug|Any CPU
		eacef6b8-ec84-4af9-8776-a3b573f052dc.Release|Any CPU.ActiveCfg = Release|Any CPU
		eacef6b8-ec84-4af9-8776-a3b573f052dc.Release|Any CPU.Build.0 = Release|Any CPU
	EndGlobalSection
	GlobalSection(SolutionProperties) = preSolution
		HideSolutionNode = FALSE
	EndGlobalSection
EndGlobal
